
Microsoft Visual Studio Solution File, Format Version 12.00
# Visual Studio Version 17
VisualStudioVersion = 17.4.33403.182
MinimumVisualStudioVersion = 10.0.40219.1
Project("{FAE04EC0-301F-11D3-BF4B-00C04F79EFBC}") = "cv04", "cv04.csproj", "{7383F191-9454-4C62-811F-8628B607812D}"
EndProject
Global
	GlobalSection(SolutionConfigurationPlatforms) = preSolution
		Debug|Any CPU = Debug|Any CPU
		Release|Any CPU = Release|Any CPU
	EndGlobalSection
	GlobalSection(ProjectConfigurationPlatforms) = postSolution
		{7383F191-9454-4C62-811F-8628B607812D}.Debug|Any CPU.ActiveCfg = Debug|Any CPU
		{7383F191-9454-4C62-811F-8628B607812D}.Debug|Any CPU.Build.0 = Debug|Any CPU
		{7383F191-9454-4C62-811F-8628B607812D}.Release|Any CPU.ActiveCfg = Release|Any CPU
		{7383F191-9454-4C62-811F-8628B607812D}.Release|Any CPU.Build.0 = Release|Any CPU
	EndGlobalSection
	GlobalSection(SolutionProperties) = preSolution
		HideSolutionNode = FALSE
	EndGlobalSection
	GlobalSection(ExtensibilityGlobals) = postSolution
		SolutionGuid = {AF2EB127-544E-4875-9B41-3EF4C6D6751D}
	EndGlobalSection
EndGlobal
